
Microsoft Visual Studio Solution File, Format Version 12.00
# Visual Studio 2013
VisualStudioVersion = 12.0.31101.0
MinimumVisualStudioVersion = 10.0.40219.1
Project("{FAE04EC0-301F-11D3-BF4B-00C04F79EFBC}") = "HostSpecific", "HostSpecific\HostSpecific.csproj", "{4E070C71-FF9F-4526-910B-EA0434047AF3}"
EndProject
Project("{FAE04EC0-301F-11D3-BF4B-00C04F79EFBC}") = "AdoLite", "AdoLite\AdoLite.csproj", "{F3E103B1-6AD2-4AA1-8FF5-B2A4A5839B48}"
EndProject
Project("{FAE04EC0-301F-11D3-BF4B-00C04F79EFBC}") = "HostSpecific.Web", "HostSpecific.Web\HostSpecific.Web.csproj", "{123DA85C-F592-40A4-85DD-715CA90B83FE}"
EndProject
Global
	GlobalSection(SolutionConfigurationPlatforms) = preSolution
		Debug|Any CPU = Debug|Any CPU
		Release|Any CPU = Release|Any CPU
	EndGlobalSection
	GlobalSection(ProjectConfigurationPlatforms) = postSolution
		{4E070C71-FF9F-4526-910B-EA0434047AF3}.Debug|Any CPU.ActiveCfg = Debug|Any CPU
		{4E070C71-FF9F-4526-910B-EA0434047AF3}.Debug|Any CPU.Build.0 = Debug|Any CPU
		{4E070C71-FF9F-4526-910B-EA0434047AF3}.Release|Any CPU.ActiveCfg = Release|Any CPU
		{4E070C71-FF9F-4526-910B-EA0434047AF3}.Release|Any CPU.Build.0 = Release|Any CPU
		{F3E103B1-6AD2-4AA1-8FF5-B2A4A5839B48}.Debug|Any CPU.ActiveCfg = Debug|Any CPU
		{F3E103B1-6AD2-4AA1-8FF5-B2A4A5839B48}.Debug|Any CPU.Build.0 = Debug|Any CPU
		{F3E103B1-6AD2-4AA1-8FF5-B2A4A5839B48}.Release|Any CPU.ActiveCfg = Release|Any CPU
		{F3E103B1-6AD2-4AA1-8FF5-B2A4A5839B48}.Release|Any CPU.Build.0 = Release|Any CPU
		{123DA85C-F592-40A4-85DD-715CA90B83FE}.Debug|Any CPU.ActiveCfg = Debug|Any CPU
		{123DA85C-F592-40A4-85DD-715CA90B83FE}.Debug|Any CPU.Build.0 = Debug|Any CPU
		{123DA85C-F592-40A4-85DD-715CA90B83FE}.Release|Any CPU.ActiveCfg = Release|Any CPU
		{123DA85C-F592-40A4-85DD-715CA90B83FE}.Release|Any CPU.Build.0 = Release|Any CPU
	EndGlobalSection
	GlobalSection(SolutionProperties) = preSolution
		HideSolutionNode = FALSE
	EndGlobalSection
EndGlobal
